
Microsoft Visual Studio Solution File, Format Version 12.00
Project("{FAE04EC0-301F-11D3-BF4B-00C04F79EFBC}") = "PM3Other", "PM3Other\PM3Other.csproj", "{0049B25F-C2AB-4453-8CE4-9E859C8AEAF5}"
EndProject
Global
	GlobalSection(SolutionConfigurationPlatforms) = preSolution
		Debug|Any CPU = Debug|Any CPU
		Release|Any CPU = Release|Any CPU
	EndGlobalSection
	GlobalSection(ProjectConfigurationPlatforms) = postSolution
		{0049B25F-C2AB-4453-8CE4-9E859C8AEAF5}.Debug|Any CPU.ActiveCfg = Debug|Any CPU
		{0049B25F-C2AB-4453-8CE4-9E859C8AEAF5}.Debug|Any CPU.Build.0 = Debug|Any CPU
		{0049B25F-C2AB-4453-8CE4-9E859C8AEAF5}.Release|Any CPU.ActiveCfg = Release|Any CPU
		{0049B25F-C2AB-4453-8CE4-9E859C8AEAF5}.Release|Any CPU.Build.0 = Release|Any CPU
	EndGlobalSection
EndGlobal
